lockfileVersion: '9.0'

settings:
  autoInstallPeers: true
  excludeLinksFromLockfile: false

importers:

  .:
    dependencies:
      '@douyin-microapp/typings':
        specifier: ^1.3.1
        version: 1.3.1
      minigame-api-typings:
        specifier: ^3.8.19
        version: 3.8.19

packages:

  '@douyin-microapp/typings@1.3.1':
    resolution: {integrity: sha512-TuooIb1SYqMQ6FcC2Ux5wm5/2VH9hKO6bHIHxlKhcpW9fBp8FXHn7X/wfpVi0SaKNK15zA+B8JN2HSsaJ/wjUw==}

  minigame-api-typings@3.8.19:
    resolution: {integrity: sha512-f0MR34O+SIzOwcQjIVQOrlsQ6o7vxqu/ixULYvmek0g2OnPMixv/90+4n2tTYzJ+HGorIanBebKJAjh52RJQ6A==}

snapshots:

  '@douyin-microapp/typings@1.3.1': {}

  minigame-api-typings@3.8.19: {}
